[root]
name = "csvdb"
version = "0.1.0"
dependencies = [
 "toml 0.4.0 (registry+https://github.com/rust-lang/crates.io-index)",
]

[[package]]
name = "serde"
version = "1.0.0"
source = "registry+https://github.com/rust-lang/crates.io-index"

[[package]]
name = "toml"
version = "0.4.0"
source = "registry+https://github.com/rust-lang/crates.io-index"
dependencies = [
 "serde 1.0.0 (registry+https://github.com/rust-lang/crates.io-index)",
]

[metadata]
"checksum serde 1.0.0 (registry+https://github.com/rust-lang/crates.io-index)" = "369633cfe0f0bde1dfc037fb6c5a329d46586a31f981bed14d87487a3439ae37"
"checksum toml 0.4.0 (registry+https://github.com/rust-lang/crates.io-index)" = "3063405db158de3dce8efad5fc89cf1baffb9501a3647dc9505ba109694ce31f"
